// !$*UTF8*$!
{
	archiveVersion = 1;
	classes = {
	};
	objectVersion = 46;
	objects = {

/* Begin PBXBuildFile section */
		C931D4491D85A72B007CA87F /* main.m in Sources */ = {isa = PBXBuildFile; fileRef = C931D4481D85A72B007CA87F /* main.m */; };
		C931D44F1D85A8F2007CA87F /* Service in CopyFiles */ = {isa = PBXBuildFile; fileRef = C931D4461D85A72B007CA87F /* Service */; };
		C93E9A4F1D57DD4A0066B48B /* AppDelegate.m in Sources */ = {isa = PBXBuildFile; fileRef = C93E9A4E1D57DD4A0066B48B /* AppDelegate.m */; };
		C93E9A521D57DD4A0066B48B /* main.m in Sources */ = {isa = PBXBuildFile; fileRef = C93E9A511D57DD4A0066B48B /* main.m */; };
		C93E9A541D57DD4A0066B48B /* Assets.xcassets in Resources */ = {isa = PBXBuildFile; fileRef = C93E9A531D57DD4A0066B48B /* Assets.xcassets */; };
		C93E9A571D57DD4A0066B48B /* MainMenu.xib in Resources */ = {isa = PBXBuildFile; fileRef = C93E9A551D57DD4A0066B48B /* MainMenu.xib */; };
		C93E9A851D57E1380066B48B /* main.m in Sources */ = {isa = PBXBuildFile; fileRef = C93E9A841D57E1380066B48B /* main.m */; };
		C93E9A8C1D57E1620066B48B /* process in CopyFiles */ = {isa = PBXBuildFile; fileRef = C93E9A821D57E1380066B48B /* process */; };
		C945D6BD1D85B3DB00D59DEB /* Server.m in Sources */ = {isa = PBXBuildFile; fileRef = C945D6BC1D85B3DB00D59DEB /* Server.m */; };
		C9682FE41D87035F00B4CD25 /* Client.m in Sources */ = {isa = PBXBuildFile; fileRef = C9682FE31D87035F00B4CD25 /* Client.m */; };
/* End PBXBuildFile section */

/* Begin PBXContainerItemProxy section */
		C931D44D1D85A8E7007CA87F /* PBXContainerItemProxy */ = {
			isa = PBXContainerItemProxy;
			containerPortal = C93E9A421D57DD4A0066B48B /* Project object */;
			proxyType = 1;
			remoteGlobalIDString = C931D4451D85A72B007CA87F;
			remoteInfo = Service;
		};
		C93E9A891D57E1520066B48B /* PBXContainerItemProxy */ = {
			isa = PBXContainerItemProxy;
			containerPortal = C93E9A421D57DD4A0066B48B /* Project object */;
			proxyType = 1;
			remoteGlobalIDString = C93E9A811D57E1380066B48B;
			remoteInfo = process;
		};
/* End PBXContainerItemProxy section */

/* Begin PBXCopyFilesBuildPhase section */
		C931D4441D85A72B007CA87F /* CopyFiles */ = {
			isa = PBXCopyFilesBuildPhase;
			buildActionMask = 2147483647;
			dstPath = /usr/share/man/man1/;
			dstSubfolderSpec = 0;
			files = (
			);
			runOnlyForDeploymentPostprocessing = 1;
		};
		C93E9A801D57E1380066B48B /* CopyFiles */ = {
			isa = PBXCopyFilesBuildPhase;
			buildActionMask = 2147483647;
			dstPath = /usr/share/man/man1/;
			dstSubfolderSpec = 0;
			files = (
			);
			runOnlyForDeploymentPostprocessing = 1;
		};
		C93E9A8B1D57E1590066B48B /* CopyFiles */ = {
			isa = PBXCopyFilesBuildPhase;
			buildActionMask = 2147483647;
			dstPath = "";
			dstSubfolderSpec = 6;
			files = (
				C931D44F1D85A8F2007CA87F /* Service in CopyFiles */,
				C93E9A8C1D57E1620066B48B /* process in CopyFiles */,
			);
			runOnlyForDeploymentPostprocessing = 0;
		};
/* End PBXCopyFilesBuildPhase section */

/* Begin PBXFileReference section */
		C931D4461D85A72B007CA87F /* Service */ = {isa = PBXFileReference; explicitFileType = "compiled.mach-o.executable"; includeInIndex = 0; path = Service; sourceTree = BUILT_PRODUCTS_DIR; };
		C931D4481D85A72B007CA87F /* main.m */ = {isa = PBXFileReference; lastKnownFileType = sourcecode.c.objc; path = main.m; sourceTree = "<group>"; };
		C93E9A4A1D57DD4A0066B48B /* SharedMach.app */ = {isa = PBXFileReference; explicitFileType = wrapper.application; includeInIndex = 0; path = SharedMach.app; sourceTree = BUILT_PRODUCTS_DIR; };
		C93E9A4D1D57DD4A0066B48B /* AppDelegate.h */ = {isa = PBXFileReference; lastKnownFileType = sourcecode.c.h; path = AppDelegate.h; sourceTree = "<group>"; };
		C93E9A4E1D57DD4A0066B48B /* AppDelegate.m */ = {isa = PBXFileReference; lastKnownFileType = sourcecode.c.objc; path = AppDelegate.m; sourceTree = "<group>"; };
		C93E9A511D57DD4A0066B48B /* main.m */ = {isa = PBXFileReference; lastKnownFileType = sourcecode.c.objc; path = main.m; sourceTree = "<group>"; };
		C93E9A531D57DD4A0066B48B /* Assets.xcassets */ = {isa = PBXFileReference; lastKnownFileType = folder.assetcatalog; path = Assets.xcassets; sourceTree = "<group>"; };
		C93E9A561D57DD4A0066B48B /* Base */ = {isa = PBXFileReference; lastKnownFileType = file.xib; name = Base; path = Base.lproj/MainMenu.xib; sourceTree = "<group>"; };
		C93E9A581D57DD4A0066B48B /* Info.plist */ = {isa = PBXFileReference; lastKnownFileType = text.plist.xml; path = Info.plist; sourceTree = "<group>"; };
		C93E9A681D57DD590066B48B /* main.m */ = {isa = PBXFileReference; lastKnownFileType = sourcecode.c.objc; path = main.m; sourceTree = "<group>"; };
		C93E9A6A1D57DD590066B48B /* Info.plist */ = {isa = PBXFileReference; lastKnownFileType = text.plist.xml; path = Info.plist; sourceTree = "<group>"; };
		C93E9A721D57DE6B0066B48B /* SharedMach.entitlements */ = {isa = PBXFileReference; lastKnownFileType = text.plist.entitlements; path = SharedMach.entitlements; sourceTree = "<group>"; };
		C93E9A821D57E1380066B48B /* process */ = {isa = PBXFileReference; explicitFileType = "compiled.mach-o.executable"; includeInIndex = 0; path = process; sourceTree = BUILT_PRODUCTS_DIR; };
		C93E9A841D57E1380066B48B /* main.m */ = {isa = PBXFileReference; lastKnownFileType = sourcecode.c.objc; path = main.m; sourceTree = "<group>"; };
		C945D6BB1D85B3DB00D59DEB /* Server.h */ = {isa = PBXFileReference; fileEncoding = 4; lastKnownFileType = sourcecode.c.h; path = Server.h; sourceTree = "<group>"; };
		C945D6BC1D85B3DB00D59DEB /* Server.m */ = {isa = PBXFileReference; fileEncoding = 4; lastKnownFileType = sourcecode.c.objc; path = Server.m; sourceTree = "<group>"; };
		C945D6C31D85B7C100D59DEB /* Inherit.entitlements */ = {isa = PBXFileReference; lastKnownFileType = text.plist.entitlements; path = Inherit.entitlements; sourceTree = SOURCE_ROOT; };
		C9682FE21D87035F00B4CD25 /* Client.h */ = {isa = PBXFileReference; fileEncoding = 4; lastKnownFileType = sourcecode.c.h; path = Client.h; sourceTree = "<group>"; };
		C9682FE31D87035F00B4CD25 /* Client.m */ = {isa = PBXFileReference; fileEncoding = 4; lastKnownFileType = sourcecode.c.objc; path = Client.m; sourceTree = "<group>"; };
/* End PBXFileReference section */

/* Begin PBXFrameworksBuildPhase section */
		C931D4431D85A72B007CA87F /* Frameworks */ = {
			isa = PBXFrameworksBuildPhase;
			buildActionMask = 2147483647;
			files = (
			);
			runOnlyForDeploymentPostprocessing = 0;
		};
		C93E9A471D57DD4A0066B48B /* Frameworks */ = {
			isa = PBXFrameworksBuildPhase;
			buildActionMask = 2147483647;
			files = (
			);
			runOnlyForDeploymentPostprocessing = 0;
		};
		C93E9A7F1D57E1380066B48B /* Frameworks */ = {
			isa = PBXFrameworksBuildPhase;
			buildActionMask = 2147483647;
			files = (
			);
			runOnlyForDeploymentPostprocessing = 0;
		};
/* End PBXFrameworksBuildPhase section */

/* Begin PBXGroup section */
		C931D4471D85A72B007CA87F /* Service */ = {
			isa = PBXGroup;
			children = (
				C931D4481D85A72B007CA87F /* main.m */,
			);
			path = Service;
			sourceTree = "<group>";
		};
		C93E9A411D57DD4A0066B48B = {
			isa = PBXGroup;
			children = (
				C93E9A4C1D57DD4A0066B48B /* SharedMach */,
				C93E9A631D57DD590066B48B /* Service */,
				C93E9A831D57E1380066B48B /* process */,
				C931D4471D85A72B007CA87F /* Service */,
				C93E9A4B1D57DD4A0066B48B /* Products */,
			);
			sourceTree = "<group>";
		};
		C93E9A4B1D57DD4A0066B48B /* Products */ = {
			isa = PBXGroup;
			children = (
				C93E9A4A1D57DD4A0066B48B /* SharedMach.app */,
				C93E9A821D57E1380066B48B /* process */,
				C931D4461D85A72B007CA87F /* Service */,
			);
			name = Products;
			sourceTree = "<group>";
		};
		C93E9A4C1D57DD4A0066B48B /* SharedMach */ = {
			isa = PBXGroup;
			children = (
				C945D6C31D85B7C100D59DEB /* Inherit.entitlements */,
				C93E9A721D57DE6B0066B48B /* SharedMach.entitlements */,
				C93E9A4D1D57DD4A0066B48B /* AppDelegate.h */,
				C93E9A4E1D57DD4A0066B48B /* AppDelegate.m */,
				C93E9A531D57DD4A0066B48B /* Assets.xcassets */,
				C93E9A551D57DD4A0066B48B /* MainMenu.xib */,
				C93E9A581D57DD4A0066B48B /* Info.plist */,
				C93E9A501D57DD4A0066B48B /* Supporting Files */,
			);
			name = SharedMach;
			path = SharedMach;
			sourceTree = "<group>";
		};
		C93E9A501D57DD4A0066B48B /* Supporting Files */ = {
			isa = PBXGroup;
			children = (
				C93E9A511D57DD4A0066B48B /* main.m */,
			);
			name = "Supporting Files";
			sourceTree = "<group>";
		};
		C93E9A631D57DD590066B48B /* Service */ = {
			isa = PBXGroup;
			children = (
				C93E9A6A1D57DD590066B48B /* Info.plist */,
				C93E9A681D57DD590066B48B /* main.m */,
				C945D6BB1D85B3DB00D59DEB /* Server.h */,
				C945D6BC1D85B3DB00D59DEB /* Server.m */,
			);
			path = Service;
			sourceTree = "<group>";
		};
		C93E9A831D57E1380066B48B /* process */ = {
			isa = PBXGroup;
			children = (
				C9682FE21D87035F00B4CD25 /* Client.h */,
				C9682FE31D87035F00B4CD25 /* Client.m */,
				C93E9A841D57E1380066B48B /* main.m */,
			);
			path = process;
			sourceTree = "<group>";
		};
/* End PBXGroup section */

/* Begin PBXNativeTarget section */
		C931D4451D85A72B007CA87F /* Service */ = {
			isa = PBXNativeTarget;
			buildConfigurationList = C931D44A1D85A72B007CA87F /* Build configuration list for PBXNativeTarget "Service" */;
			buildPhases = (
				C931D4421D85A72B007CA87F /* Sources */,
				C931D4431D85A72B007CA87F /* Frameworks */,
				C931D4441D85A72B007CA87F /* CopyFiles */,
			);
			buildRules = (
			);
			dependencies = (
			);
			name = Service;
			productName = Service;
			productReference = C931D4461D85A72B007CA87F /* Service */;
			productType = "com.apple.product-type.tool";
		};
		C93E9A491D57DD4A0066B48B /* SharedMach */ = {
			isa = PBXNativeTarget;
			buildConfigurationList = C93E9A5B1D57DD4A0066B48B /* Build configuration list for PBXNativeTarget "SharedMach" */;
			buildPhases = (
				C93E9A461D57DD4A0066B48B /* Sources */,
				C93E9A471D57DD4A0066B48B /* Frameworks */,
				C93E9A481D57DD4A0066B48B /* Resources */,
				C93E9A8B1D57E1590066B48B /* CopyFiles */,
				C9CAC4CC1D64E85900F8847E /* ShellScript */,
			);
			buildRules = (
			);
			dependencies = (
				C931D44E1D85A8E7007CA87F /* PBXTargetDependency */,
				C93E9A8A1D57E1520066B48B /* PBXTargetDependency */,
			);
			name = SharedMach;
			productName = SharedMach;
			productReference = C93E9A4A1D57DD4A0066B48B /* SharedMach.app */;
			productType = "com.apple.product-type.application";
		};
		C93E9A811D57E1380066B48B /* process */ = {
			isa = PBXNativeTarget;
			buildConfigurationList = C93E9A861D57E1380066B48B /* Build configuration list for PBXNativeTarget "process" */;
			buildPhases = (
				C93E9A7E1D57E1380066B48B /* Sources */,
				C93E9A7F1D57E1380066B48B /* Frameworks */,
				C93E9A801D57E1380066B48B /* CopyFiles */,
			);
			buildRules = (
			);
			dependencies = (
			);
			name = process;
			productName = process;
			productReference = C93E9A821D57E1380066B48B /* process */;
			productType = "com.apple.product-type.tool";
		};
/* End PBXNativeTarget section */

/* Begin PBXProject section */
		C93E9A421D57DD4A0066B48B /* Project object */ = {
			isa = PBXProject;
			attributes = {
				LastSwiftUpdateCheck = 0730;
				LastUpgradeCheck = 0730;
				ORGANIZATIONNAME = "Matt Rajca";
				TargetAttributes = {
					C931D4451D85A72B007CA87F = {
						CreatedOnToolsVersion = 8.0;
						DevelopmentTeam = RJKYY38TY2;
						ProvisioningStyle = Automatic;
					};
					C93E9A491D57DD4A0066B48B = {
						CreatedOnToolsVersion = 7.3.1;
						DevelopmentTeam = RJKYY38TY2;
						SystemCapabilities = {
							com.apple.ApplicationGroups.Mac = {
								enabled = 1;
							};
							com.apple.Sandbox = {
								enabled = 0;
							};
						};
					};
					C93E9A811D57E1380066B48B = {
						CreatedOnToolsVersion = 7.3.1;
					};
				};
			};
			buildConfigurationList = C93E9A451D57DD4A0066B48B /* Build configuration list for PBXProject "SharedMach" */;
			compatibilityVersion = "Xcode 3.2";
			developmentRegion = English;
			hasScannedForEncodings = 0;
			knownRegions = (
				en,
				Base,
			);
			mainGroup = C93E9A411D57DD4A0066B48B;
			productRefGroup = C93E9A4B1D57DD4A0066B48B /* Products */;
			projectDirPath = "";
			projectRoot = "";
			targets = (
				C93E9A491D57DD4A0066B48B /* SharedMach */,
				C93E9A811D57E1380066B48B /* process */,
				C931D4451D85A72B007CA87F /* Service */,
			);
		};
/* End PBXProject section */

/* Begin PBXResourcesBuildPhase section */
		C93E9A481D57DD4A0066B48B /* Resources */ = {
			isa = PBXResourcesBuildPhase;
			buildActionMask = 2147483647;
			files = (
				C93E9A541D57DD4A0066B48B /* Assets.xcassets in Resources */,
				C93E9A571D57DD4A0066B48B /* MainMenu.xib in Resources */,
			);
			runOnlyForDeploymentPostprocessing = 0;
		};
/* End PBXResourcesBuildPhase section */

/* Begin PBXShellScriptBuildPhase section */
		C9CAC4CC1D64E85900F8847E /* ShellScript */ = {
			isa = PBXShellScriptBuildPhase;
			buildActionMask = 2147483647;
			files = (
			);
			inputPaths = (
			);
			outputPaths = (
			);
			runOnlyForDeploymentPostprocessing = 0;
			shellPath = /bin/sh;
			shellScript = "process=\"$BUILT_PRODUCTS_DIR/SharedMach.app/Contents/MacOS/process\"\nService=\"$BUILT_PRODUCTS_DIR/SharedMach.app/Contents/MacOS/Service\"\n\ncd $SRCROOT\nexport CODESIGN_ALLOCATE=\"$DT_TOOLCHAIN_DIR/usr/bin/codesign_allocate\"\n\n/usr/bin/codesign --force --sign \"${CODE_SIGN_IDENTITY}\" --entitlements ./Inherit.entitlements $process\n/usr/bin/codesign --force --sign \"${CODE_SIGN_IDENTITY}\" --entitlements ./Inherit.entitlements $Service\n";
		};
/* End PBXShellScriptBuildPhase section */

/* Begin PBXSourcesBuildPhase section */
		C931D4421D85A72B007CA87F /* Sources */ = {
			isa = PBXSourcesBuildPhase;
			buildActionMask = 2147483647;
			files = (
				C945D6BD1D85B3DB00D59DEB /* Server.m in Sources */,
				C931D4491D85A72B007CA87F /* main.m in Sources */,
			);
			runOnlyForDeploymentPostprocessing = 0;
		};
		C93E9A461D57DD4A0066B48B /* Sources */ = {
			isa = PBXSourcesBuildPhase;
			buildActionMask = 2147483647;
			files = (
				C93E9A521D57DD4A0066B48B /* main.m in Sources */,
				C93E9A4F1D57DD4A0066B48B /* AppDelegate.m in Sources */,
			);
			runOnlyForDeploymentPostprocessing = 0;
		};
		C93E9A7E1D57E1380066B48B /* Sources */ = {
			isa = PBXSourcesBuildPhase;
			buildActionMask = 2147483647;
			files = (
				C9682FE41D87035F00B4CD25 /* Client.m in Sources */,
				C93E9A851D57E1380066B48B /* main.m in Sources */,
			);
			runOnlyForDeploymentPostprocessing = 0;
		};
/* End PBXSourcesBuildPhase section */

/* Begin PBXTargetDependency section */
		C931D44E1D85A8E7007CA87F /* PBXTargetDependency */ = {
			isa = PBXTargetDependency;
			target = C931D4451D85A72B007CA87F /* Service */;
			targetProxy = C931D44D1D85A8E7007CA87F /* PBXContainerItemProxy */;
		};
		C93E9A8A1D57E1520066B48B /* PBXTargetDependency */ = {
			isa = PBXTargetDependency;
			target = C93E9A811D57E1380066B48B /* process */;
			targetProxy = C93E9A891D57E1520066B48B /* PBXContainerItemProxy */;
		};
/* End PBXTargetDependency section */

/* Begin PBXVariantGroup section */
		C93E9A551D57DD4A0066B48B /* MainMenu.xib */ = {
			isa = PBXVariantGroup;
			children = (
				C93E9A561D57DD4A0066B48B /* Base */,
			);
			name = MainMenu.xib;
			sourceTree = "<group>";
		};
/* End PBXVariantGroup section */

/* Begin XCBuildConfiguration section */
		C931D44B1D85A72B007CA87F /* Debug */ = {
			isa = XCBuildConfiguration;
			buildSettings = {
				CLANG_WARN_DOCUMENTATION_COMMENTS = YES;
				CLANG_WARN_INFINITE_RECURSION = YES;
				CLANG_WARN_SUSPICIOUS_MOVES = YES;
				DEVELOPMENT_TEAM = RJKYY38TY2;
				MACOSX_DEPLOYMENT_TARGET = 10.12;
				OTHER_LDFLAGS = (
					"-sectcreate",
					__TEXT,
					__info_plist,
					"Service-Info.plist",
				);
				PRODUCT_NAME = "$(TARGET_NAME)";
			};
			name = Debug;
		};
		C931D44C1D85A72B007CA87F /* Release */ = {
			isa = XCBuildConfiguration;
			buildSettings = {
				CLANG_WARN_DOCUMENTATION_COMMENTS = YES;
				CLANG_WARN_INFINITE_RECURSION = YES;
				CLANG_WARN_SUSPICIOUS_MOVES = YES;
				DEVELOPMENT_TEAM = RJKYY38TY2;
				MACOSX_DEPLOYMENT_TARGET = 10.12;
				OTHER_LDFLAGS = (
					"-sectcreate",
					__TEXT,
					__info_plist,
					"Service-Info.plist",
				);
				PRODUCT_NAME = "$(TARGET_NAME)";
			};
			name = Release;
		};
		C93E9A591D57DD4A0066B48B /* Debug */ = {
			isa = XCBuildConfiguration;
			buildSettings = {
				ALWAYS_SEARCH_USER_PATHS = NO;
				CLANG_ANALYZER_NONNULL = YES;
				CLANG_CXX_LANGUAGE_STANDARD = "gnu++0x";
				CLANG_CXX_LIBRARY = "libc++";
				CLANG_ENABLE_MODULES = YES;
				CLANG_ENABLE_OBJC_ARC = YES;
				CLANG_WARN_BOOL_CONVERSION = YES;
				CLANG_WARN_CONSTANT_CONVERSION = YES;
				CLANG_WARN_DIRECT_OBJC_ISA_USAGE = YES_ERROR;
				CLANG_WARN_EMPTY_BODY = YES;
				CLANG_WARN_ENUM_CONVERSION = YES;
				CLANG_WARN_INT_CONVERSION = YES;
				CLANG_WARN_OBJC_ROOT_CLASS = YES_ERROR;
				CLANG_WARN_UNREACHABLE_CODE = YES;
				CLANG_WARN__DUPLICATE_METHOD_MATCH = YES;
				CODE_SIGN_IDENTITY = "-";
				COPY_PHASE_STRIP = NO;
				DEBUG_INFORMATION_FORMAT = dwarf;
				ENABLE_STRICT_OBJC_MSGSEND = YES;
				ENABLE_TESTABILITY = YES;
				GCC_C_LANGUAGE_STANDARD = gnu99;
				GCC_DYNAMIC_NO_PIC = NO;
				GCC_NO_COMMON_BLOCKS = YES;
				GCC_OPTIMIZATION_LEVEL = 0;
				GCC_PREPROCESSOR_DEFINITIONS = (
					"DEBUG=1",
					"$(inherited)",
				);
				GCC_WARN_64_TO_32_BIT_CONVERSION = YES;
				GCC_WARN_ABOUT_RETURN_TYPE = YES_ERROR;
				GCC_WARN_UNDECLARED_SELECTOR = YES;
				GCC_WARN_UNINITIALIZED_AUTOS = YES_AGGRESSIVE;
				GCC_WARN_UNUSED_FUNCTION = YES;
				GCC_WARN_UNUSED_VARIABLE = YES;
				MTL_ENABLE_DEBUG_INFO = YES;
				ONLY_ACTIVE_ARCH = YES;
				SDKROOT = macosx;
			};
			name = Debug;
		};
		C93E9A5A1D57DD4A0066B48B /* Release */ = {
			isa = XCBuildConfiguration;
			buildSettings = {
				ALWAYS_SEARCH_USER_PATHS = NO;
				CLANG_ANALYZER_NONNULL = YES;
				CLANG_CXX_LANGUAGE_STANDARD = "gnu++0x";
				CLANG_CXX_LIBRARY = "libc++";
				CLANG_ENABLE_MODULES = YES;
				CLANG_ENABLE_OBJC_ARC = YES;
				CLANG_WARN_BOOL_CONVERSION = YES;
				CLANG_WARN_CONSTANT_CONVERSION = YES;
				CLANG_WARN_DIRECT_OBJC_ISA_USAGE = YES_ERROR;
				CLANG_WARN_EMPTY_BODY = YES;
				CLANG_WARN_ENUM_CONVERSION = YES;
				CLANG_WARN_INT_CONVERSION = YES;
				CLANG_WARN_OBJC_ROOT_CLASS = YES_ERROR;
				CLANG_WARN_UNREACHABLE_CODE = YES;
				CLANG_WARN__DUPLICATE_METHOD_MATCH = YES;
				CODE_SIGN_IDENTITY = "-";
				COPY_PHASE_STRIP = NO;
				DEBUG_INFORMATION_FORMAT = "dwarf-with-dsym";
				ENABLE_NS_ASSERTIONS = NO;
				ENABLE_STRICT_OBJC_MSGSEND = YES;
				GCC_C_LANGUAGE_STANDARD = gnu99;
				GCC_NO_COMMON_BLOCKS = YES;
				GCC_WARN_64_TO_32_BIT_CONVERSION = YES;
				GCC_WARN_ABOUT_RETURN_TYPE = YES_ERROR;
				GCC_WARN_UNDECLARED_SELECTOR = YES;
				GCC_WARN_UNINITIALIZED_AUTOS = YES_AGGRESSIVE;
				GCC_WARN_UNUSED_FUNCTION = YES;
				GCC_WARN_UNUSED_VARIABLE = YES;
				MTL_ENABLE_DEBUG_INFO = NO;
				SDKROOT = macosx;
			};
			name = Release;
		};
		C93E9A5C1D57DD4A0066B48B /* Debug */ = {
			isa = XCBuildConfiguration;
			buildSettings = {
				ASSETCATALOG_COMPILER_APPICON_NAME = AppIcon;
				CODE_SIGN_ENTITLEMENTS = SharedMach/SharedMach.entitlements;
				CODE_SIGN_IDENTITY = "3rd Party Mac Developer Application: Matt Rajca (RJKYY38TY2)";
				COMBINE_HIDPI_IMAGES = YES;
				DEVELOPMENT_TEAM = RJKYY38TY2;
				INFOPLIST_FILE = SharedMach/Info.plist;
				LD_RUNPATH_SEARCH_PATHS = "$(inherited) @executable_path/../Frameworks";
				PRODUCT_BUNDLE_IDENTIFIER = com.MR.SharedMach;
				PRODUCT_NAME = "$(TARGET_NAME)";
			};
			name = Debug;
		};
		C93E9A5D1D57DD4A0066B48B /* Release */ = {
			isa = XCBuildConfiguration;
			buildSettings = {
				ASSETCATALOG_COMPILER_APPICON_NAME = AppIcon;
				CODE_SIGN_ENTITLEMENTS = SharedMach/SharedMach.entitlements;
				CODE_SIGN_IDENTITY = "3rd Party Mac Developer Application: Matt Rajca (RJKYY38TY2)";
				COMBINE_HIDPI_IMAGES = YES;
				DEVELOPMENT_TEAM = RJKYY38TY2;
				INFOPLIST_FILE = SharedMach/Info.plist;
				LD_RUNPATH_SEARCH_PATHS = "$(inherited) @executable_path/../Frameworks";
				PRODUCT_BUNDLE_IDENTIFIER = com.MR.SharedMach;
				PRODUCT_NAME = "$(TARGET_NAME)";
			};
			name = Release;
		};
		C93E9A871D57E1380066B48B /* Debug */ = {
			isa = XCBuildConfiguration;
			buildSettings = {
				OTHER_CODE_SIGN_FLAGS = "";
				OTHER_LDFLAGS = (
					"-sectcreate",
					__TEXT,
					__info_plist,
					"process-Info.plist",
				);
				PRODUCT_NAME = "$(TARGET_NAME)";
			};
			name = Debug;
		};
		C93E9A881D57E1380066B48B /* Release */ = {
			isa = XCBuildConfiguration;
			buildSettings = {
				OTHER_CODE_SIGN_FLAGS = "";
				OTHER_LDFLAGS = (
					"-sectcreate",
					__TEXT,
					__info_plist,
					"process-Info.plist",
				);
				PRODUCT_NAME = "$(TARGET_NAME)";
			};
			name = Release;
		};
/* End XCBuildConfiguration section */

/* Begin XCConfigurationList section */
		C931D44A1D85A72B007CA87F /* Build configuration list for PBXNativeTarget "Service" */ = {
			isa = XCConfigurationList;
			buildConfigurations = (
				C931D44B1D85A72B007CA87F /* Debug */,
				C931D44C1D85A72B007CA87F /* Release */,
			);
			defaultConfigurationIsVisible = 0;
			defaultConfigurationName = Release;
		};
		C93E9A451D57DD4A0066B48B /* Build configuration list for PBXProject "SharedMach" */ = {
			isa = XCConfigurationList;
			buildConfigurations = (
				C93E9A591D57DD4A0066B48B /* Debug */,
				C93E9A5A1D57DD4A0066B48B /* Release */,
			);
			defaultConfigurationIsVisible = 0;
			defaultConfigurationName = Release;
		};
		C93E9A5B1D57DD4A0066B48B /* Build configuration list for PBXNativeTarget "SharedMach" */ = {
			isa = XCConfigurationList;
			buildConfigurations = (
				C93E9A5C1D57DD4A0066B48B /* Debug */,
				C93E9A5D1D57DD4A0066B48B /* Release */,
			);
			defaultConfigurationIsVisible = 0;
			defaultConfigurationName = Release;
		};
		C93E9A861D57E1380066B48B /* Build configuration list for PBXNativeTarget "process" */ = {
			isa = XCConfigurationList;
			buildConfigurations = (
				C93E9A871D57E1380066B48B /* Debug */,
				C93E9A881D57E1380066B48B /* Release */,
			);
			defaultConfigurationIsVisible = 0;
			defaultConfigurationName = Release;
		};
/* End XCConfigurationList section */
	};
	rootObject = C93E9A421D57DD4A0066B48B /* Project object */;
}
